{
  "name": "AWT",
  "lockfileVersion": 3,
  "requires": true,
  "packages": {
    "": {
      "devDependencies": {
        "@types/lodash": "^4.17.4"
      }
    },
    "node_modules/@types/lodash": {
      "version": "4.17.4",
      "resolved": "https://registry.npmjs.org/@types/lodash/-/lodash-4.17.4.tgz",
      "integrity": "sha512-wYCP26ZLxaT3R39kiN2+HcJ4kTd3U1waI/cY7ivWYqFP6pW3ZNpvi6Wd6PHZx7T/t8z0vlkXMg3QYLa7DZ/IJQ==",
      "dev": true
    }
  }
}
